
Microsoft Visual Studio Solution File, Format Version 12.00
Project("{FAE04EC0-301F-11D3-BF4B-00C04F79EFBC}") = "SampleImplementations", "SampleImplementations\SampleImplementations.csproj", "{3045500E-7CC0-4F37-BA40-DC3B68CBB58F}"
EndProject
Project("{FAE04EC0-301F-11D3-BF4B-00C04F79EFBC}") = "Benchmark", "Benchmark\Benchmark.csproj", "{739CEFF0-3BCF-47A2-9C3D-EC2E72E89118}"
EndProject
Project("{FAE04EC0-301F-11D3-BF4B-00C04F79EFBC}") = "Tests", "Tests\Tests.csproj", "{15992460-1144-44FF-9BF3-A756F1A9D3F4}"
EndProject
Global
	GlobalSection(SolutionConfigurationPlatforms) = preSolution
		Debug|Any CPU = Debug|Any CPU
		Release|Any CPU = Release|Any CPU
	EndGlobalSection
	GlobalSection(ProjectConfigurationPlatforms) = postSolution
		{3045500E-7CC0-4F37-BA40-DC3B68CBB58F}.Debug|Any CPU.ActiveCfg = Debug|Any CPU
		{3045500E-7CC0-4F37-BA40-DC3B68CBB58F}.Debug|Any CPU.Build.0 = Debug|Any CPU
		{3045500E-7CC0-4F37-BA40-DC3B68CBB58F}.Release|Any CPU.ActiveCfg = Release|Any CPU
		{3045500E-7CC0-4F37-BA40-DC3B68CBB58F}.Release|Any CPU.Build.0 = Release|Any CPU
		{739CEFF0-3BCF-47A2-9C3D-EC2E72E89118}.Debug|Any CPU.ActiveCfg = Debug|Any CPU
		{739CEFF0-3BCF-47A2-9C3D-EC2E72E89118}.Debug|Any CPU.Build.0 = Debug|Any CPU
		{739CEFF0-3BCF-47A2-9C3D-EC2E72E89118}.Release|Any CPU.ActiveCfg = Release|Any CPU
		{739CEFF0-3BCF-47A2-9C3D-EC2E72E89118}.Release|Any CPU.Build.0 = Release|Any CPU
		{15992460-1144-44FF-9BF3-A756F1A9D3F4}.Debug|Any CPU.ActiveCfg = Debug|Any CPU
		{15992460-1144-44FF-9BF3-A756F1A9D3F4}.Debug|Any CPU.Build.0 = Debug|Any CPU
		{15992460-1144-44FF-9BF3-A756F1A9D3F4}.Release|Any CPU.ActiveCfg = Release|Any CPU
		{15992460-1144-44FF-9BF3-A756F1A9D3F4}.Release|Any CPU.Build.0 = Release|Any CPU
	EndGlobalSection
EndGlobal
